PODS:
  - SFAlertController (0.1.0)

DEPENDENCIES:
  - SFAlertController (from `../`)

EXTERNAL SOURCES:
  SFAlertController:
    :path: "../"

SPEC CHECKSUMS:
  SFAlertController: 803ed97245f5b7bb4dd18915a14cba10717eb5e0

PODFILE CHECKSUM: 22cf7d03eb202798a49758e9b0249ecdf1ebe74c

COCOAPODS: 1.7.1
